
Microsoft Visual Studio Solution File, Format Version 12.00
# Visual Studio Version 16
VisualStudioVersion = 16.0.30011.22
MinimumVisualStudioVersion = 10.0.40219.1
Project("{9A19103F-16F7-4668-BE54-9A1E7A4F7556}") = "VehiclesExtension_Ex", "VehiclesExtension_Ex.csproj", "{20B9F1BF-8175-4770-87A1-17E58DEFB8A5}"
EndProject
Project("{FAE04EC0-301F-11D3-BF4B-00C04F79EFBC}") = "WildFarm_Ex", "..\WildFarm_Ex\WildFarm_Ex.csproj", "{B1854006-EE3F-4ADB-916F-BD9504782DD5}"
EndProject
Global
	GlobalSection(SolutionConfigurationPlatforms) = preSolution
		Debug|Any CPU = Debug|Any CPU
		Release|Any CPU = Release|Any CPU
	EndGlobalSection
	GlobalSection(ProjectConfigurationPlatforms) = postSolution
		{20B9F1BF-8175-4770-87A1-17E58DEFB8A5}.Debug|Any CPU.ActiveCfg = Debug|Any CPU
		{20B9F1BF-8175-4770-87A1-17E58DEFB8A5}.Debug|Any CPU.Build.0 = Debug|Any CPU
		{20B9F1BF-8175-4770-87A1-17E58DEFB8A5}.Release|Any CPU.ActiveCfg = Release|Any CPU
		{20B9F1BF-8175-4770-87A1-17E58DEFB8A5}.Release|Any CPU.Build.0 = Release|Any CPU
		{B1854006-EE3F-4ADB-916F-BD9504782DD5}.Debug|Any CPU.ActiveCfg = Debug|Any CPU
		{B1854006-EE3F-4ADB-916F-BD9504782DD5}.Debug|Any CPU.Build.0 = Debug|Any CPU
		{B1854006-EE3F-4ADB-916F-BD9504782DD5}.Release|Any CPU.ActiveCfg = Release|Any CPU
		{B1854006-EE3F-4ADB-916F-BD9504782DD5}.Release|Any CPU.Build.0 = Release|Any CPU
	EndGlobalSection
	GlobalSection(SolutionProperties) = preSolution
		HideSolutionNode = FALSE
	EndGlobalSection
	GlobalSection(ExtensibilityGlobals) = postSolution
		SolutionGuid = {0DC9C860-4FAD-48C9-A987-CF61B848599E}
	EndGlobalSection
EndGlobal
