
Microsoft Visual Studio Solution File, Format Version 12.00
# Visual Studio Version 16
VisualStudioVersion = 16.0.30011.22
MinimumVisualStudioVersion = 10.0.40219.1
Project("{FAE04EC0-301F-11D3-BF4B-00C04F79EFBC}") = "1.ClassBoxData_Ex", "1.ClassBoxData_Ex\1.ClassBoxData_Ex.csproj", "{9A178417-39C8-4D35-8BE3-A4ABC05E90C3}"
EndProject
Project("{FAE04EC0-301F-11D3-BF4B-00C04F79EFBC}") = "PizzaCalories_Ex", "PizzaCaloriesEx\PizzaCalories_Ex.csproj", "{2E4E062B-3119-4127-AEB6-DCDBEF7DB517}"
EndProject
Global
	GlobalSection(SolutionConfigurationPlatforms) = preSolution
		Debug|Any CPU = Debug|Any CPU
		Release|Any CPU = Release|Any CPU
	EndGlobalSection
	GlobalSection(ProjectConfigurationPlatforms) = postSolution
		{9A178417-39C8-4D35-8BE3-A4ABC05E90C3}.Debug|Any CPU.ActiveCfg = Debug|Any CPU
		{9A178417-39C8-4D35-8BE3-A4ABC05E90C3}.Debug|Any CPU.Build.0 = Debug|Any CPU
		{9A178417-39C8-4D35-8BE3-A4ABC05E90C3}.Release|Any CPU.ActiveCfg = Release|Any CPU
		{9A178417-39C8-4D35-8BE3-A4ABC05E90C3}.Release|Any CPU.Build.0 = Release|Any CPU
		{2E4E062B-3119-4127-AEB6-DCDBEF7DB517}.Debug|Any CPU.ActiveCfg = Debug|Any CPU
		{2E4E062B-3119-4127-AEB6-DCDBEF7DB517}.Debug|Any CPU.Build.0 = Debug|Any CPU
		{2E4E062B-3119-4127-AEB6-DCDBEF7DB517}.Release|Any CPU.ActiveCfg = Release|Any CPU
		{2E4E062B-3119-4127-AEB6-DCDBEF7DB517}.Release|Any CPU.Build.0 = Release|Any CPU
	EndGlobalSection
	GlobalSection(SolutionProperties) = preSolution
		HideSolutionNode = FALSE
	EndGlobalSection
	GlobalSection(ExtensibilityGlobals) = postSolution
		SolutionGuid = {FD937828-7BF1-40F2-8BCC-623F8EF7A0EA}
	EndGlobalSection
EndGlobal
